
Microsoft Visual Studio Solution File, Format Version 12.00
# Visual Studio Version 16
VisualStudioVersion = 16.0.31005.135
MinimumVisualStudioVersion = 10.0.40219.1
Project("{FAE04EC0-301F-11D3-BF4B-00C04F79EFBC}") = "A todo trapo", "A todo trapo.csproj", "{93C5BE64-4C2F-4BC2-8366-0E671BEFB334}"
EndProject
Global
	GlobalSection(SolutionConfigurationPlatforms) = preSolution
		Debug|Any CPU = Debug|Any CPU
		Release|Any CPU = Release|Any CPU
	EndGlobalSection
	GlobalSection(ProjectConfigurationPlatforms) = postSolution
		{93C5BE64-4C2F-4BC2-8366-0E671BEFB334}.Debug|Any CPU.ActiveCfg = Debug|Any CPU
		{93C5BE64-4C2F-4BC2-8366-0E671BEFB334}.Debug|Any CPU.Build.0 = Debug|Any CPU
		{93C5BE64-4C2F-4BC2-8366-0E671BEFB334}.Release|Any CPU.ActiveCfg = Release|Any CPU
		{93C5BE64-4C2F-4BC2-8366-0E671BEFB334}.Release|Any CPU.Build.0 = Release|Any CPU
	EndGlobalSection
	GlobalSection(SolutionProperties) = preSolution
		HideSolutionNode = FALSE
	EndGlobalSection
	GlobalSection(ExtensibilityGlobals) = postSolution
		SolutionGuid = {D4EBB26D-A968-4413-A393-55702F137897}
	EndGlobalSection
EndGlobal
